
Microsoft Visual Studio Solution File, Format Version 12.00
# Visual Studio 14
VisualStudioVersion = 14.0.25420.1
MinimumVisualStudioVersion = 10.0.40219.1
Project("{FAE04EC0-301F-11D3-BF4B-00C04F79EFBC}") = "AzCliDocPreprocessor", "AzCliDoc\AzCliDocPreprocessor.csproj", "{7C654A6B-C975-4463-8A04-D781E56524F3}"
EndProject
Project("{FAE04EC0-301F-11D3-BF4B-00C04F79EFBC}") = "DocAsCode.Plugins.AzureCli.Model", "DocAsCode.Plugins.AzureCli.Model\DocAsCode.Plugins.AzureCli.Model.csproj", "{23227D89-6EB6-4B44-A7DA-A92FD1EC5437}"
EndProject
Project("{2150E333-8FDC-42A3-9474-1A3956D46DE8}") = "Nuget", "Nuget", "{367C7D0D-B8EC-45CC-A48C-A6AD16924353}"
	ProjectSection(SolutionItems) = preProject
		Nuget\nuget.exe = Nuget\nuget.exe
	EndProjectSection
EndProject
Global
	GlobalSection(SolutionConfigurationPlatforms) = preSolution
		Debug|Any CPU = Debug|Any CPU
		Release|Any CPU = Release|Any CPU
	EndGlobalSection
	GlobalSection(ProjectConfigurationPlatforms) = postSolution
		{7C654A6B-C975-4463-8A04-D781E56524F3}.Debug|Any CPU.ActiveCfg = Debug|Any CPU
		{7C654A6B-C975-4463-8A04-D781E56524F3}.Debug|Any CPU.Build.0 = Debug|Any CPU
		{7C654A6B-C975-4463-8A04-D781E56524F3}.Release|Any CPU.ActiveCfg = Release|Any CPU
		{7C654A6B-C975-4463-8A04-D781E56524F3}.Release|Any CPU.Build.0 = Release|Any CPU
		{23227D89-6EB6-4B44-A7DA-A92FD1EC5437}.Debug|Any CPU.ActiveCfg = Debug|Any CPU
		{23227D89-6EB6-4B44-A7DA-A92FD1EC5437}.Debug|Any CPU.Build.0 = Debug|Any CPU
		{23227D89-6EB6-4B44-A7DA-A92FD1EC5437}.Release|Any CPU.ActiveCfg = Release|Any CPU
		{23227D89-6EB6-4B44-A7DA-A92FD1EC5437}.Release|Any CPU.Build.0 = Release|Any CPU
	EndGlobalSection
	GlobalSection(SolutionProperties) = preSolution
		HideSolutionNode = FALSE
	EndGlobalSection
EndGlobal
